<?xml version="1.0" encoding="utf-8"?>
<Project ToolsVersion="4.0" xmlns="http://schemas.microsoft.com/developer/msbuild/2003">
  <ItemGroup>
    <Filter Include="Source Files">
      <UniqueIdentifier>{4FC737F1-C7A5-4376-A066-2A32D752A2FF}</UniqueIdentifier>
      <Extensions>cpp;c;cc;cxx;def;odl;idl;hpj;bat;asm;asmx</Extensions>
    </Filter>
    <Filter Include="Header Files">
      <UniqueIdentifier>{93995380-89BD-4b04-88EB-625FBE52EBFB}</UniqueIdentifier>
      <Extensions>h;hh;hpp;hxx;hm;inl;inc;xsd</Extensions>
    </Filter>
    <Filter Include="Resource Files">
      <UniqueIdentifier>{67DA6AB6-F800-4c08-8B7A-83BB121AAD01}</UniqueIdentifier>
      <Extensions>rc;ico;cur;bmp;dlg;rc2;rct;bin;rgs;gif;jpg;jpeg;jpe;resx;tiff;tif;png;wav;mfcribbon-ms</Extensions>
    </Filter>
    <Filter Include="Resource Files">
      <UniqueIdentifier>{D9D6E242-F8AF-46E4-B9FD-80ECBC20BA3E}</UniqueIdentifier>
      <Extensions>qrc;*</Extensions>
      <ParseFiles>false</ParseFiles>
    </Filter>
    <Filter Include="Header Files\OpCodes">
      <UniqueIdentifier>{aad6d1bd-8941-488d-8087-e540150bbb5a}</UniqueIdentifier>
    </Filter>
    <Filter Include="Header Files\Parser">
      <UniqueIdentifier>{7c554be1-1b1f-4855-bf0b-f27cc27a70aa}</UniqueIdentifier>
    </Filter>
  </ItemGroup>
  <ItemGroup>
    <ClCompile Include="main.cpp">
      <Filter>Source Files</Filter>
    </ClCompile>
    <ClCompile Include="Program.cpp">
      <Filter>Source Files</Filter>
    </ClCompile>
    <ClCompile Include="Compiler.cpp">
      <Filter>Source Files</Filter>
    </ClCompile>
    <ClCompile Include="OpBase.cpp">
      <Filter>Source Files</Filter>
    </ClCompile>
    <ClCompile Include="Class.cpp">
      <Filter>Source Files</Filter>
    </ClCompile>
    <ClCompile Include="Method.cpp">
      <Filter>Source Files</Filter>
    </ClCompile>
    <ClCompile Include="Parameter.cpp">
      <Filter>Source Files</Filter>
    </ClCompile>
    <ClCompile Include="OpPushStr.cpp">
      <Filter>Source Files</Filter>
    </ClCompile>
    <ClCompile Include="OpCallMethod.cpp">
      <Filter>Source Files</Filter>
    </ClCompile>
    <ClCompile Include="Exit.cpp">
      <Filter>Source Files</Filter>
    </ClCompile>
    <ClCompile Include="Parser.cpp">
      <Filter>Source Files</Filter>
    </ClCompile>
    <ClCompile Include="OpPushInt32.cpp">
      <Filter>Source Files</Filter>
    </ClCompile>
    <ClCompile Include="OpJmp.cpp">
      <Filter>Source Files</Filter>
    </ClCompile>
    <ClCompile Include="OpJmpif.cpp">
      <Filter>Source Files</Filter>
    </ClCompile>
    <ClCompile Include="OpGc.cpp">
      <Filter>Source Files</Filter>
    </ClCompile>
    <ClCompile Include="OpGet.cpp">
      <Filter>Source Files</Filter>
    </ClCompile>
    <ClCompile Include="OpSet.cpp">
      <Filter>Source Files</Filter>
    </ClCompile>
    <ClCompile Include="OpLocal.cpp">
      <Filter>Source Files</Filter>
    </ClCompile>
    <ClCompile Include="OpAdd.cpp">
      <Filter>Source Files</Filter>
    </ClCompile>
    <ClCompile Include="OpDup.cpp">
      <Filter>Source Files</Filter>
    </ClCompile>
    <ClCompile Include="OpNew.cpp">
      <Filter>Source Files</Filter>
    </ClCompile>
    <ClCompile Include="OpPushBool.cpp">
      <Filter>Source Files</Filter>
    </ClCompile>
    <ClCompile Include="OpNewarr.cpp">
      <Filter>Source Files</Filter>
    </ClCompile>
    <ClCompile Include="OpSetarr.cpp">
      <Filter>Source Files</Filter>
    </ClCompile>
    <ClCompile Include="OpGetarr.cpp">
      <Filter>Source Files</Filter>
    </ClCompile>
    <ClCompile Include="OpReturn.cpp">
      <Filter>Source Files</Filter>
    </ClCompile>
    <ClCompile Include="OpPushFloat.cpp">
      <Filter>Source Files</Filter>
    </ClCompile>
    <ClCompile Include="OpSub.cpp">
      <Filter>Source Files</Filter>
    </ClCompile>
    <ClCompile Include="OpMul.cpp">
      <Filter>Source Files</Filter>
    </ClCompile>
    <ClCompile Include="OpDiv.cpp">
      <Filter>Source Files</Filter>
    </ClCompile>
    <ClCompile Include="OpCast.cpp">
      <Filter>Source Files</Filter>
    </ClCompile>
    <ClCompile Include="OpMaxStack.cpp">
      <Filter>Source Files</Filter>
    </ClCompile>
  </ItemGroup>
  <ItemGroup>
    <ClInclude Include="Program.h">
      <Filter>Header Files</Filter>
    </ClInclude>
    <ClInclude Include="Compiler.h">
      <Filter>Header Files</Filter>
    </ClInclude>
    <ClInclude Include="OpBase.h">
      <Filter>Header Files\OpCodes</Filter>
    </ClInclude>
    <ClInclude Include="Class.h">
      <Filter>Header Files</Filter>
    </ClInclude>
    <ClInclude Include="Method.h">
      <Filter>Header Files</Filter>
    </ClInclude>
    <ClInclude Include="AccessModifier.h">
      <Filter>Header Files</Filter>
    </ClInclude>
    <ClInclude Include="Parameter.h">
      <Filter>Header Files</Filter>
    </ClInclude>
    <ClInclude Include="IsStatic.h">
      <Filter>Header Files</Filter>
    </ClInclude>
    <ClInclude Include="OpPushStr.h">
      <Filter>Header Files\OpCodes</Filter>
    </ClInclude>
    <ClInclude Include="OpCallMethod.h">
      <Filter>Header Files\OpCodes</Filter>
    </ClInclude>
    <ClInclude Include="Exit.h">
      <Filter>Header Files</Filter>
    </ClInclude>
    <ClInclude Include="Parser.h">
      <Filter>Header Files\Parser</Filter>
    </ClInclude>
    <ClInclude Include="Signature.h">
      <Filter>Header Files\Parser</Filter>
    </ClInclude>
    <ClInclude Include="OpPushInt32.h">
      <Filter>Header Files\OpCodes</Filter>
    </ClInclude>
    <ClInclude Include="OpJmp.h">
      <Filter>Header Files\OpCodes</Filter>
    </ClInclude>
    <ClInclude Include="OpJmpif.h">
      <Filter>Header Files\OpCodes</Filter>
    </ClInclude>
    <ClInclude Include="OpGc.h">
      <Filter>Header Files\OpCodes</Filter>
    </ClInclude>
    <ClInclude Include="OpGet.h">
      <Filter>Header Files\OpCodes</Filter>
    </ClInclude>
    <ClInclude Include="OpSet.h">
      <Filter>Header Files\OpCodes</Filter>
    </ClInclude>
    <ClInclude Include="OpLocal.h">
      <Filter>Header Files\OpCodes</Filter>
    </ClInclude>
    <ClInclude Include="OpAdd.h">
      <Filter>Header Files\OpCodes</Filter>
    </ClInclude>
    <ClInclude Include="OpDup.h">
      <Filter>Header Files\OpCodes</Filter>
    </ClInclude>
    <ClInclude Include="OpNew.h">
      <Filter>Header Files\OpCodes</Filter>
    </ClInclude>
    <ClInclude Include="OpNewarr.h">
      <Filter>Header Files\OpCodes</Filter>
    </ClInclude>
    <ClInclude Include="OpPushBool.h">
      <Filter>Header Files\OpCodes</Filter>
    </ClInclude>
    <ClInclude Include="OpGetarr.h">
      <Filter>Header Files\OpCodes</Filter>
    </ClInclude>
    <ClInclude Include="OpSetarr.h">
      <Filter>Header Files\OpCodes</Filter>
    </ClInclude>
    <ClInclude Include="OpReturn.h">
      <Filter>Header Files\OpCodes</Filter>
    </ClInclude>
    <ClInclude Include="OpPushFloat.h">
      <Filter>Header Files\OpCodes</Filter>
    </ClInclude>
    <ClInclude Include="OpSub.h">
      <Filter>Header Files\OpCodes</Filter>
    </ClInclude>
    <ClInclude Include="OpDiv.h">
      <Filter>Header Files\OpCodes</Filter>
    </ClInclude>
    <ClInclude Include="OpMul.h">
      <Filter>Header Files\OpCodes</Filter>
    </ClInclude>
    <ClInclude Include="OpCodes.h">
      <Filter>Header Files\OpCodes</Filter>
    </ClInclude>
    <ClInclude Include="Instruction.h">
      <Filter>Header Files\Parser</Filter>
    </ClInclude>
    <ClInclude Include="OpMaxStack.h">
      <Filter>Header Files\OpCodes</Filter>
    </ClInclude>
    <ClInclude Include="OpCast.h">
      <Filter>Header Files\OpCodes</Filter>
    </ClInclude>
  </ItemGroup>
</Project>